{
  "name": "api",
  "version": "1.0.0",
  "lockfileVersion": 1,
  "requires": true,
  "dependencies": {
    "abck": {
      "version": "1.6.6",
      "resolved": "https://registry.npmjs.org/abck/-/abck-1.6.6.tgz",
      "integrity": "sha512-OAjxAMmWkjM2xlrDb0R8ybK3RuyZBFCbA3MPcdQumQ7K46JEBIxleaMBcgzKh1ACv0YHqLfHmgcReKwou6CiEA=="
    },
    "fs": {
      "version": "0.0.1-security",
      "resolved": "https://registry.npmjs.org/fs/-/fs-0.0.1-security.tgz",
      "integrity": "sha1-invTcYa23d84E/I4WLV+yq9eQdQ="
    },
    "node-fetch": {
      "version": "2.6.1",
      "resolved": "https://registry.npmjs.org/node-fetch/-/node-fetch-2.6.1.tgz",
      "integrity": "sha512-V4aYg89jEoVRxRb2fJdAg8FHvI7cEyYdVAh94HH0UIK8oJxUfkjlDQN9RbMx+bEjP7+ggMiFRprSti032Oipxw=="
    }
  }
}
